
Microsoft Visual Studio Solution File, Format Version 12.00
# Visual Studio Version 16
VisualStudioVersion = 16.0.31313.79
MinimumVisualStudioVersion = 10.0.40219.1
Project("{FAE04EC0-301F-11D3-BF4B-00C04F79EFBC}") = "OutFlowReportExportAPI", "OutFlowReportExportAPI\OutFlowReportExportAPI.csproj", "{9924C335-710F-41BC-A8B4-AD423287E057}"
EndProject
Global
	GlobalSection(SolutionConfigurationPlatforms) = preSolution
		Debug|Any CPU = Debug|Any CPU
		Release|Any CPU = Release|Any CPU
	EndGlobalSection
	GlobalSection(ProjectConfigurationPlatforms) = postSolution
		{9924C335-710F-41BC-A8B4-AD423287E057}.Debug|Any CPU.ActiveCfg = Debug|Any CPU
		{9924C335-710F-41BC-A8B4-AD423287E057}.Debug|Any CPU.Build.0 = Debug|Any CPU
		{9924C335-710F-41BC-A8B4-AD423287E057}.Release|Any CPU.ActiveCfg = Release|Any CPU
		{9924C335-710F-41BC-A8B4-AD423287E057}.Release|Any CPU.Build.0 = Release|Any CPU
	EndGlobalSection
	GlobalSection(SolutionProperties) = preSolution
		HideSolutionNode = FALSE
	EndGlobalSection
	GlobalSection(ExtensibilityGlobals) = postSolution
		SolutionGuid = {CBE3A353-68CD-4120-AB79-B8F9297DCA76}
	EndGlobalSection
EndGlobal
